{
    "name": "@loupeteam/librarybuilderproject",
    "version": "0.2.0",
    "lockfileVersion": 3,
    "requires": true,
    "packages": {
        "": {
            "name": "@loupeteam/librarybuilderproject",
            "version": "0.2.0",
            "license": "MIT",
            "dependencies": {
                "@loupeteam/jsmn_parse": "^1.5.0",
                "@loupeteam/librarybuilderproject": "^0.3.0"
            }
        },
        "node_modules/@loupeteam/jsmn_parse": {
            "version": "1.5.0",
            "resolved": "https://npm.pkg.github.com/download/@loupeteam/jsmn_parse/1.5.0/6449bf26096fecd3b3aa9fd2cad6cecd8e50fcc9",
            "integrity": "sha512-U3zevJY5XHRnsyLLFUR6SIO6iGQJS7waNbtCqQC2oPUNVancIY8n8MoEjqsJrEQMzbE5CHeOMp0+4dy5URhHmA==",
            "license": "Loupe Software License Agreement"
        },
        "node_modules/@loupeteam/librarybuilderproject": {
            "version": "0.3.0",
            "resolved": "https://npm.pkg.github.com/download/@loupeteam/librarybuilderproject/0.3.0/9c3c1fc98350439d618573f3b465d94e3ae1e000",
            "integrity": "sha512-kUOwhpPoqQ1DikLGFBH3c8+nsb28ayX2IpQRC0UaEg34cV4GrRoI0FvkSovc3tgrGohpyvxFPRy5C6TM5wj7JA==",
            "license": "MIT"
        }
    }
}
